
Microsoft Visual Studio Solution File, Format Version 12.00
# Visual Studio Version 16
VisualStudioVersion = 16.6.30114.105
MinimumVisualStudioVersion = 10.0.40219.1
Project("{FAE04EC0-301F-11D3-BF4B-00C04F79EFBC}") = "Standard", "Standard\Standard.csproj", "{0B0C5AB8-E043-4CCC-8DDD-899BCC3CAB7F}"
EndProject
Project("{FAE04EC0-301F-11D3-BF4B-00C04F79EFBC}") = "Standard.Tests", "Standard.Tests\Standard.Tests.csproj", "{C154BD9E-E450-4D11-A142-A7B7DBED9536}"
EndProject
Global
	GlobalSection(SolutionConfigurationPlatforms) = preSolution
		Debug|Any CPU = Debug|Any CPU
		Debug|x64 = Debug|x64
		Debug|x86 = Debug|x86
		Release|Any CPU = Release|Any CPU
		Release|x64 = Release|x64
		Release|x86 = Release|x86
	EndGlobalSection
	GlobalSection(SolutionProperties) = preSolution
		HideSolutionNode = FALSE
	EndGlobalSection
	GlobalSection(ProjectConfigurationPlatforms) = postSolution
		{0B0C5AB8-E043-4CCC-8DDD-899BCC3CAB7F}.Debug|Any CPU.ActiveCfg = Debug|Any CPU
		{0B0C5AB8-E043-4CCC-8DDD-899BCC3CAB7F}.Debug|Any CPU.Build.0 = Debug|Any CPU
		{0B0C5AB8-E043-4CCC-8DDD-899BCC3CAB7F}.Debug|x64.ActiveCfg = Debug|Any CPU
		{0B0C5AB8-E043-4CCC-8DDD-899BCC3CAB7F}.Debug|x64.Build.0 = Debug|Any CPU
		{0B0C5AB8-E043-4CCC-8DDD-899BCC3CAB7F}.Debug|x86.ActiveCfg = Debug|Any CPU
		{0B0C5AB8-E043-4CCC-8DDD-899BCC3CAB7F}.Debug|x86.Build.0 = Debug|Any CPU
		{0B0C5AB8-E043-4CCC-8DDD-899BCC3CAB7F}.Release|Any CPU.ActiveCfg = Release|Any CPU
		{0B0C5AB8-E043-4CCC-8DDD-899BCC3CAB7F}.Release|Any CPU.Build.0 = Release|Any CPU
		{0B0C5AB8-E043-4CCC-8DDD-899BCC3CAB7F}.Release|x64.ActiveCfg = Release|Any CPU
		{0B0C5AB8-E043-4CCC-8DDD-899BCC3CAB7F}.Release|x64.Build.0 = Release|Any CPU
		{0B0C5AB8-E043-4CCC-8DDD-899BCC3CAB7F}.Release|x86.ActiveCfg = Release|Any CPU
		{0B0C5AB8-E043-4CCC-8DDD-899BCC3CAB7F}.Release|x86.Build.0 = Release|Any CPU
		{C154BD9E-E450-4D11-A142-A7B7DBED9536}.Debug|Any CPU.ActiveCfg = Debug|Any CPU
		{C154BD9E-E450-4D11-A142-A7B7DBED9536}.Debug|Any CPU.Build.0 = Debug|Any CPU
		{C154BD9E-E450-4D11-A142-A7B7DBED9536}.Debug|x64.ActiveCfg = Debug|Any CPU
		{C154BD9E-E450-4D11-A142-A7B7DBED9536}.Debug|x64.Build.0 = Debug|Any CPU
		{C154BD9E-E450-4D11-A142-A7B7DBED9536}.Debug|x86.ActiveCfg = Debug|Any CPU
		{C154BD9E-E450-4D11-A142-A7B7DBED9536}.Debug|x86.Build.0 = Debug|Any CPU
		{C154BD9E-E450-4D11-A142-A7B7DBED9536}.Release|Any CPU.ActiveCfg = Release|Any CPU
		{C154BD9E-E450-4D11-A142-A7B7DBED9536}.Release|Any CPU.Build.0 = Release|Any CPU
		{C154BD9E-E450-4D11-A142-A7B7DBED9536}.Release|x64.ActiveCfg = Release|Any CPU
		{C154BD9E-E450-4D11-A142-A7B7DBED9536}.Release|x64.Build.0 = Release|Any CPU
		{C154BD9E-E450-4D11-A142-A7B7DBED9536}.Release|x86.ActiveCfg = Release|Any CPU
		{C154BD9E-E450-4D11-A142-A7B7DBED9536}.Release|x86.Build.0 = Release|Any CPU
	EndGlobalSection
EndGlobal
